// !$*UTF8*$!
{
	archiveVersion = 1;
	classes = {
	};
	objectVersion = 55;
	objects = {

/* Begin PBXBuildFile section */
		236A220C27E2654500FC6691 /* AppDelegate.swift in Sources */ = {isa = PBXBuildFile; fileRef = 236A220B27E2654500FC6691 /* AppDelegate.swift */; };
		236A220E27E2654500FC6691 /* SceneDelegate.swift in Sources */ = {isa = PBXBuildFile; fileRef = 236A220D27E2654500FC6691 /* SceneDelegate.swift */; };
		236A221327E2654500FC6691 /* Main.storyboard in Resources */ = {isa = PBXBuildFile; fileRef = 236A221127E2654500FC6691 /* Main.storyboard */; };
		236A221527E2654700FC6691 /* Assets.xcassets in Resources */ = {isa = PBXBuildFile; fileRef = 236A221427E2654700FC6691 /* Assets.xcassets */; };
		236A221827E2654700FC6691 /* LaunchScreen.storyboard in Resources */ = {isa = PBXBuildFile; fileRef = 236A221627E2654700FC6691 /* LaunchScreen.storyboard */; };
		236A222027E2657900FC6691 /* GoogleService-Info.plist in Resources */ = {isa = PBXBuildFile; fileRef = 236A221F27E2657900FC6691 /* GoogleService-Info.plist */; };
		238ECF6527E4C560009E0DB4 /* LoginViewController.swift in Sources */ = {isa = PBXBuildFile; fileRef = 238ECF6427E4C560009E0DB4 /* LoginViewController.swift */; };
		238ECF6927E4CBAF009E0DB4 /* SlideCollectionViewCell.swift in Sources */ = {isa = PBXBuildFile; fileRef = 238ECF6727E4CBAF009E0DB4 /* SlideCollectionViewCell.swift */; };
		238ECF6A27E4CBAF009E0DB4 /* SlideCollectionViewCell.xib in Resources */ = {isa = PBXBuildFile; fileRef = 238ECF6827E4CBAF009E0DB4 /* SlideCollectionViewCell.xib */; };
		238ECF6C27E4DE46009E0DB4 /* Model.swift in Sources */ = {isa = PBXBuildFile; fileRef = 238ECF6B27E4DE46009E0DB4 /* Model.swift */; };
		238ECF6E27E4E724009E0DB4 /* SliderSlides.swift in Sources */ = {isa = PBXBuildFile; fileRef = 238ECF6D27E4E724009E0DB4 /* SliderSlides.swift */; };
		238ECF7027E4E9E1009E0DB4 /* RegViewController.swift in Sources */ = {isa = PBXBuildFile; fileRef = 238ECF6F27E4E9E1009E0DB4 /* RegViewController.swift */; };
		238ECF7227E4E9EE009E0DB4 /* AuthViewController.swift in Sources */ = {isa = PBXBuildFile; fileRef = 238ECF7127E4E9EE009E0DB4 /* AuthViewController.swift */; };
		238ECF7427E4EAE9009E0DB4 /* AppViewController.swift in Sources */ = {isa = PBXBuildFile; fileRef = 238ECF7327E4EAE9009E0DB4 /* AppViewController.swift */; };
		C22D31706A3CF8BDF353FEE9 /* Pods_MyKo.framework in Frameworks */ = {isa = PBXBuildFile; fileRef = 1351FBC5E065A0C87F6C8F5A /* Pods_MyKo.framework */; };
/* End PBXBuildFile section */

/* Begin PBXFileReference section */
		1351FBC5E065A0C87F6C8F5A /* Pods_MyKo.framework */ = {isa = PBXFileReference; explicitFileType = wrapper.framework; includeInIndex = 0; path = Pods_MyKo.framework; sourceTree = BUILT_PRODUCTS_DIR; };
		236A220827E2654500FC6691 /* MyKo.app */ = {isa = PBXFileReference; explicitFileType = wrapper.application; includeInIndex = 0; path = MyKo.app; sourceTree = BUILT_PRODUCTS_DIR; };
		236A220B27E2654500FC6691 /* AppDelegate.swift */ = {isa = PBXFileReference; lastKnownFileType = sourcecode.swift; path = AppDelegate.swift; sourceTree = "<group>"; };
		236A220D27E2654500FC6691 /* SceneDelegate.swift */ = {isa = PBXFileReference; lastKnownFileType = sourcecode.swift; path = SceneDelegate.swift; sourceTree = "<group>"; };
		236A221227E2654500FC6691 /* Base */ = {isa = PBXFileReference; lastKnownFileType = file.storyboard; name = Base; path = Base.lproj/Main.storyboard; sourceTree = "<group>"; };
		236A221427E2654700FC6691 /* Assets.xcassets */ = {isa = PBXFileReference; lastKnownFileType = folder.assetcatalog; path = Assets.xcassets; sourceTree = "<group>"; };
		236A221727E2654700FC6691 /* Base */ = {isa = PBXFileReference; lastKnownFileType = file.storyboard; name = Base; path = Base.lproj/LaunchScreen.storyboard; sourceTree = "<group>"; };
		236A221927E2654700FC6691 /* Info.plist */ = {isa = PBXFileReference; lastKnownFileType = text.plist.xml; path = Info.plist; sourceTree = "<group>"; };
		236A221F27E2657900FC6691 /* GoogleService-Info.plist */ = {isa = PBXFileReference; fileEncoding = 4; lastKnownFileType = text.plist.xml; path = "GoogleService-Info.plist"; sourceTree = "<group>"; };
		238ECF6427E4C560009E0DB4 /* LoginViewController.swift */ = {isa = PBXFileReference; lastKnownFileType = sourcecode.swift; path = LoginViewController.swift; sourceTree = "<group>"; };
		238ECF6727E4CBAF009E0DB4 /* SlideCollectionViewCell.swift */ = {isa = PBXFileReference; lastKnownFileType = sourcecode.swift; path = SlideCollectionViewCell.swift; sourceTree = "<group>"; };
		238ECF6827E4CBAF009E0DB4 /* SlideCollectionViewCell.xib */ = {isa = PBXFileReference; lastKnownFileType = file.xib; path = SlideCollectionViewCell.xib; sourceTree = "<group>"; };
		238ECF6B27E4DE46009E0DB4 /* Model.swift */ = {isa = PBXFileReference; lastKnownFileType = sourcecode.swift; path = Model.swift; sourceTree = "<group>"; };
		238ECF6D27E4E724009E0DB4 /* SliderSlides.swift */ = {isa = PBXFileReference; lastKnownFileType = sourcecode.swift; path = SliderSlides.swift; sourceTree = "<group>"; };
		238ECF6F27E4E9E1009E0DB4 /* RegViewController.swift */ = {isa = PBXFileReference; lastKnownFileType = sourcecode.swift; path = RegViewController.swift; sourceTree = "<group>"; };
		238ECF7127E4E9EE009E0DB4 /* AuthViewController.swift */ = {isa = PBXFileReference; lastKnownFileType = sourcecode.swift; path = AuthViewController.swift; sourceTree = "<group>"; };
		238ECF7327E4EAE9009E0DB4 /* AppViewController.swift */ = {isa = PBXFileReference; lastKnownFileType = sourcecode.swift; path = AppViewController.swift; sourceTree = "<group>"; };
		47737EDEDA0A5A92CA5D3347 /* Pods-MyKo.release.xcconfig */ = {isa = PBXFileReference; includeInIndex = 1; lastKnownFileType = text.xcconfig; name = "Pods-MyKo.release.xcconfig"; path = "Target Support Files/Pods-MyKo/Pods-MyKo.release.xcconfig"; sourceTree = "<group>"; };
		923770F43672678EA2977746 /* Pods-MyKo.debug.xcconfig */ = {isa = PBXFileReference; includeInIndex = 1; lastKnownFileType = text.xcconfig; name = "Pods-MyKo.debug.xcconfig"; path = "Target Support Files/Pods-MyKo/Pods-MyKo.debug.xcconfig"; sourceTree = "<group>"; };
/* End PBXFileReference section */

/* Begin PBXFrameworksBuildPhase section */
		236A220527E2654500FC6691 /* Frameworks */ = {
			isa = PBXFrameworksBuildPhase;
			buildActionMask = 2147483647;
			files = (
				C22D31706A3CF8BDF353FEE9 /* Pods_MyKo.framework in Frameworks */,
			);
			runOnlyForDeploymentPostprocessing = 0;
		};
/* End PBXFrameworksBuildPhase section */

/* Begin PBXGroup section */
		236A21FF27E2654500FC6691 = {
			isa = PBXGroup;
			children = (
				236A220A27E2654500FC6691 /* MyKo */,
				236A220927E2654500FC6691 /* Products */,
				8227B09E62E4AC8563BC7F0F /* Pods */,
				25245456D1FB3DE4C78623B5 /* Frameworks */,
			);
			sourceTree = "<group>";
		};
		236A220927E2654500FC6691 /* Products */ = {
			isa = PBXGroup;
			children = (
				236A220827E2654500FC6691 /* MyKo.app */,
			);
			name = Products;
			sourceTree = "<group>";
		};
		236A220A27E2654500FC6691 /* MyKo */ = {
			isa = PBXGroup;
			children = (
				23ED11B027E2691500D1481E /* Controller */,
				23ED11AF27E2690700D1481E /* View */,
				23ED11AE27E268F800D1481E /* Model */,
				236A220B27E2654500FC6691 /* AppDelegate.swift */,
				236A220D27E2654500FC6691 /* SceneDelegate.swift */,
				236A221127E2654500FC6691 /* Main.storyboard */,
				236A221427E2654700FC6691 /* Assets.xcassets */,
				236A221627E2654700FC6691 /* LaunchScreen.storyboard */,
				236A221927E2654700FC6691 /* Info.plist */,
				236A221F27E2657900FC6691 /* GoogleService-Info.plist */,
			);
			path = MyKo;
			sourceTree = "<group>";
		};
		238ECF6227E4C539009E0DB4 /* Login */ = {
			isa = PBXGroup;
			children = (
				238ECF6427E4C560009E0DB4 /* LoginViewController.swift */,
				238ECF6F27E4E9E1009E0DB4 /* RegViewController.swift */,
				238ECF7127E4E9EE009E0DB4 /* AuthViewController.swift */,
			);
			path = Login;
			sourceTree = "<group>";
		};
		238ECF6327E4C53F009E0DB4 /* App */ = {
			isa = PBXGroup;
			children = (
				238ECF7327E4EAE9009E0DB4 /* AppViewController.swift */,
			);
			path = App;
			sourceTree = "<group>";
		};
		238ECF6627E4CB64009E0DB4 /* Slide */ = {
			isa = PBXGroup;
			children = (
				238ECF6727E4CBAF009E0DB4 /* SlideCollectionViewCell.swift */,
				238ECF6827E4CBAF009E0DB4 /* SlideCollectionViewCell.xib */,
			);
			path = Slide;
			sourceTree = "<group>";
		};
		23ED11AE27E268F800D1481E /* Model */ = {
			isa = PBXGroup;
			children = (
				238ECF6B27E4DE46009E0DB4 /* Model.swift */,
				238ECF6D27E4E724009E0DB4 /* SliderSlides.swift */,
			);
			path = Model;
			sourceTree = "<group>";
		};
		23ED11AF27E2690700D1481E /* View */ = {
			isa = PBXGroup;
			children = (
				238ECF6627E4CB64009E0DB4 /* Slide */,
			);
			path = View;
			sourceTree = "<group>";
		};
		23ED11B027E2691500D1481E /* Controller */ = {
			isa = PBXGroup;
			children = (
				238ECF6327E4C53F009E0DB4 /* App */,
				238ECF6227E4C539009E0DB4 /* Login */,
			);
			path = Controller;
			sourceTree = "<group>";
		};
		25245456D1FB3DE4C78623B5 /* Frameworks */ = {
			isa = PBXGroup;
			children = (
				1351FBC5E065A0C87F6C8F5A /* Pods_MyKo.framework */,
			);
			name = Frameworks;
			sourceTree = "<group>";
		};
		8227B09E62E4AC8563BC7F0F /* Pods */ = {
			isa = PBXGroup;
			children = (
				923770F43672678EA2977746 /* Pods-MyKo.debug.xcconfig */,
				47737EDEDA0A5A92CA5D3347 /* Pods-MyKo.release.xcconfig */,
			);
			path = Pods;
			sourceTree = "<group>";
		};
/* End PBXGroup section */

/* Begin PBXNativeTarget section */
		236A220727E2654500FC6691 /* MyKo */ = {
			isa = PBXNativeTarget;
			buildConfigurationList = 236A221C27E2654700FC6691 /* Build configuration list for PBXNativeTarget "MyKo" */;
			buildPhases = (
				506F984362903560F63DBA76 /* [CP] Check Pods Manifest.lock */,
				236A220427E2654500FC6691 /* Sources */,
				236A220527E2654500FC6691 /* Frameworks */,
				236A220627E2654500FC6691 /* Resources */,
				3BA973479D356666B49A5A5D /* [CP] Embed Pods Frameworks */,
			);
			buildRules = (
			);
			dependencies = (
			);
			name = MyKo;
			productName = MyKo;
			productReference = 236A220827E2654500FC6691 /* MyKo.app */;
			productType = "com.apple.product-type.application";
		};
/* End PBXNativeTarget section */

/* Begin PBXProject section */
		236A220027E2654500FC6691 /* Project object */ = {
			isa = PBXProject;
			attributes = {
				BuildIndependentTargetsInParallel = 1;
				LastSwiftUpdateCheck = 1330;
				LastUpgradeCheck = 1330;
				TargetAttributes = {
					236A220727E2654500FC6691 = {
						CreatedOnToolsVersion = 13.3;
					};
				};
			};
			buildConfigurationList = 236A220327E2654500FC6691 /* Build configuration list for PBXProject "MyKo" */;
			compatibilityVersion = "Xcode 13.0";
			developmentRegion = en;
			hasScannedForEncodings = 0;
			knownRegions = (
				en,
				Base,
			);
			mainGroup = 236A21FF27E2654500FC6691;
			productRefGroup = 236A220927E2654500FC6691 /* Products */;
			projectDirPath = "";
			projectRoot = "";
			targets = (
				236A220727E2654500FC6691 /* MyKo */,
			);
		};
/* End PBXProject section */

/* Begin PBXResourcesBuildPhase section */
		236A220627E2654500FC6691 /* Resources */ = {
			isa = PBXResourcesBuildPhase;
			buildActionMask = 2147483647;
			files = (
				236A221827E2654700FC6691 /* LaunchScreen.storyboard in Resources */,
				238ECF6A27E4CBAF009E0DB4 /* SlideCollectionViewCell.xib in Resources */,
				236A222027E2657900FC6691 /* GoogleService-Info.plist in Resources */,
				236A221527E2654700FC6691 /* Assets.xcassets in Resources */,
				236A221327E2654500FC6691 /* Main.storyboard in Resources */,
			);
			runOnlyForDeploymentPostprocessing = 0;
		};
/* End PBXResourcesBuildPhase section */

/* Begin PBXShellScriptBuildPhase section */
		3BA973479D356666B49A5A5D /* [CP] Embed Pods Frameworks */ = {
			isa = PBXShellScriptBuildPhase;
			buildActionMask = 2147483647;
			files = (
			);
			inputFileListPaths = (
				"${PODS_ROOT}/Target Support Files/Pods-MyKo/Pods-MyKo-frameworks-${CONFIGURATION}-input-files.xcfilelist",
			);
			name = "[CP] Embed Pods Frameworks";
			outputFileListPaths = (
				"${PODS_ROOT}/Target Support Files/Pods-MyKo/Pods-MyKo-frameworks-${CONFIGURATION}-output-files.xcfilelist",
			);
			runOnlyForDeploymentPostprocessing = 0;
			shellPath = /bin/sh;
			shellScript = "\"${PODS_ROOT}/Target Support Files/Pods-MyKo/Pods-MyKo-frameworks.sh\"\n";
			showEnvVarsInLog = 0;
		};
		506F984362903560F63DBA76 /* [CP] Check Pods Manifest.lock */ = {
			isa = PBXShellScriptBuildPhase;
			buildActionMask = 2147483647;
			files = (
			);
			inputFileListPaths = (
			);
			inputPaths = (
				"${PODS_PODFILE_DIR_PATH}/Podfile.lock",
				"${PODS_ROOT}/Manifest.lock",
			);
			name = "[CP] Check Pods Manifest.lock";
			outputFileListPaths = (
			);
			outputPaths = (
				"$(DERIVED_FILE_DIR)/Pods-MyKo-checkManifestLockResult.txt",
			);
			runOnlyForDeploymentPostprocessing = 0;
			shellPath = /bin/sh;
			shellScript = "diff \"${PODS_PODFILE_DIR_PATH}/Podfile.lock\" \"${PODS_ROOT}/Manifest.lock\" > /dev/null\nif [ $? != 0 ] ; then\n    # print error to STDERR\n    echo \"error: The sandbox is not in sync with the Podfile.lock. Run 'pod install' or update your CocoaPods installation.\" >&2\n    exit 1\nfi\n# This output is used by Xcode 'outputs' to avoid re-running this script phase.\necho \"SUCCESS\" > \"${SCRIPT_OUTPUT_FILE_0}\"\n";
			showEnvVarsInLog = 0;
		};
/* End PBXShellScriptBuildPhase section */

/* Begin PBXSourcesBuildPhase section */
		236A220427E2654500FC6691 /* Sources */ = {
			isa = PBXSourcesBuildPhase;
			buildActionMask = 2147483647;
			files = (
				238ECF6C27E4DE46009E0DB4 /* Model.swift in Sources */,
				238ECF6927E4CBAF009E0DB4 /* SlideCollectionViewCell.swift in Sources */,
				238ECF6E27E4E724009E0DB4 /* SliderSlides.swift in Sources */,
				238ECF6527E4C560009E0DB4 /* LoginViewController.swift in Sources */,
				238ECF7227E4E9EE009E0DB4 /* AuthViewController.swift in Sources */,
				236A220C27E2654500FC6691 /* AppDelegate.swift in Sources */,
				238ECF7427E4EAE9009E0DB4 /* AppViewController.swift in Sources */,
				236A220E27E2654500FC6691 /* SceneDelegate.swift in Sources */,
				238ECF7027E4E9E1009E0DB4 /* RegViewController.swift in Sources */,
			);
			runOnlyForDeploymentPostprocessing = 0;
		};
/* End PBXSourcesBuildPhase section */

/* Begin PBXVariantGroup section */
		236A221127E2654500FC6691 /* Main.storyboard */ = {
			isa = PBXVariantGroup;
			children = (
				236A221227E2654500FC6691 /* Base */,
			);
			name = Main.storyboard;
			sourceTree = "<group>";
		};
		236A221627E2654700FC6691 /* LaunchScreen.storyboard */ = {
			isa = PBXVariantGroup;
			children = (
				236A221727E2654700FC6691 /* Base */,
			);
			name = LaunchScreen.storyboard;
			sourceTree = "<group>";
		};
/* End PBXVariantGroup section */

/* Begin XCBuildConfiguration section */
		236A221A27E2654700FC6691 /* Debug */ = {
			isa = XCBuildConfiguration;
			buildSettings = {
				ALWAYS_SEARCH_USER_PATHS = NO;
				CLANG_ANALYZER_NONNULL = YES;
				CLANG_ANALYZER_NUMBER_OBJECT_CONVERSION = YES_AGGRESSIVE;
				CLANG_CXX_LANGUAGE_STANDARD = "gnu++17";
				CLANG_ENABLE_MODULES = YES;
				CLANG_ENABLE_OBJC_ARC = YES;
				CLANG_ENABLE_OBJC_WEAK = YES;
				CLANG_WARN_BLOCK_CAPTURE_AUTORELEASING = YES;
				CLANG_WARN_BOOL_CONVERSION = YES;
				CLANG_WARN_COMMA = YES;
				CLANG_WARN_CONSTANT_CONVERSION = YES;
				CLANG_WARN_DEPRECATED_OBJC_IMPLEMENTATIONS = YES;
				CLANG_WARN_DIRECT_OBJC_ISA_USAGE = YES_ERROR;
				CLANG_WARN_DOCUMENTATION_COMMENTS = YES;
				CLANG_WARN_EMPTY_BODY = YES;
				CLANG_WARN_ENUM_CONVERSION = YES;
				CLANG_WARN_INFINITE_RECURSION = YES;
				CLANG_WARN_INT_CONVERSION = YES;
				CLANG_WARN_NON_LITERAL_NULL_CONVERSION = YES;
				CLANG_WARN_OBJC_IMPLICIT_RETAIN_SELF = YES;
				CLANG_WARN_OBJC_LITERAL_CONVERSION = YES;
				CLANG_WARN_OBJC_ROOT_CLASS = YES_ERROR;
				CLANG_WARN_QUOTED_INCLUDE_IN_FRAMEWORK_HEADER = YES;
				CLANG_WARN_RANGE_LOOP_ANALYSIS = YES;
				CLANG_WARN_STRICT_PROTOTYPES = YES;
				CLANG_WARN_SUSPICIOUS_MOVE = YES;
				CLANG_WARN_UNGUARDED_AVAILABILITY = YES_AGGRESSIVE;
				CLANG_WARN_UNREACHABLE_CODE = YES;
				CLANG_WARN__DUPLICATE_METHOD_MATCH = YES;
				COPY_PHASE_STRIP = NO;
				DEBUG_INFORMATION_FORMAT = dwarf;
				ENABLE_STRICT_OBJC_MSGSEND = YES;
				ENABLE_TESTABILITY = YES;
				GCC_C_LANGUAGE_STANDARD = gnu11;
				GCC_DYNAMIC_NO_PIC = NO;
				GCC_NO_COMMON_BLOCKS = YES;
				GCC_OPTIMIZATION_LEVEL = 0;
				GCC_PREPROCESSOR_DEFINITIONS = (
					"DEBUG=1",
					"$(inherited)",
				);
				GCC_WARN_64_TO_32_BIT_CONVERSION = YES;
				GCC_WARN_ABOUT_RETURN_TYPE = YES_ERROR;
				GCC_WARN_UNDECLARED_SELECTOR = YES;
				GCC_WARN_UNINITIALIZED_AUTOS = YES_AGGRESSIVE;
				GCC_WARN_UNUSED_FUNCTION = YES;
				GCC_WARN_UNUSED_VARIABLE = YES;
				IPHONEOS_DEPLOYMENT_TARGET = 15.4;
				MTL_ENABLE_DEBUG_INFO = INCLUDE_SOURCE;
				MTL_FAST_MATH = YES;
				ONLY_ACTIVE_ARCH = YES;
				SDKROOT = iphoneos;
				SWIFT_ACTIVE_COMPILATION_CONDITIONS = DEBUG;
				SWIFT_OPTIMIZATION_LEVEL = "-Onone";
			};
			name = Debug;
		};
		236A221B27E2654700FC6691 /* Release */ = {
			isa = XCBuildConfiguration;
			buildSettings = {
				ALWAYS_SEARCH_USER_PATHS = NO;
				CLANG_ANALYZER_NONNULL = YES;
				CLANG_ANALYZER_NUMBER_OBJECT_CONVERSION = YES_AGGRESSIVE;
				CLANG_CXX_LANGUAGE_STANDARD = "gnu++17";
				CLANG_ENABLE_MODULES = YES;
				CLANG_ENABLE_OBJC_ARC = YES;
				CLANG_ENABLE_OBJC_WEAK = YES;
				CLANG_WARN_BLOCK_CAPTURE_AUTORELEASING = YES;
				CLANG_WARN_BOOL_CONVERSION = YES;
				CLANG_WARN_COMMA = YES;
				CLANG_WARN_CONSTANT_CONVERSION = YES;
				CLANG_WARN_DEPRECATED_OBJC_IMPLEMENTATIONS = YES;
				CLANG_WARN_DIRECT_OBJC_ISA_USAGE = YES_ERROR;
				CLANG_WARN_DOCUMENTATION_COMMENTS = YES;
				CLANG_WARN_EMPTY_BODY = YES;
				CLANG_WARN_ENUM_CONVERSION = YES;
				CLANG_WARN_INFINITE_RECURSION = YES;
				CLANG_WARN_INT_CONVERSION = YES;
				CLANG_WARN_NON_LITERAL_NULL_CONVERSION = YES;
				CLANG_WARN_OBJC_IMPLICIT_RETAIN_SELF = YES;
				CLANG_WARN_OBJC_LITERAL_CONVERSION = YES;
				CLANG_WARN_OBJC_ROOT_CLASS = YES_ERROR;
				CLANG_WARN_QUOTED_INCLUDE_IN_FRAMEWORK_HEADER = YES;
				CLANG_WARN_RANGE_LOOP_ANALYSIS = YES;
				CLANG_WARN_STRICT_PROTOTYPES = YES;
				CLANG_WARN_SUSPICIOUS_MOVE = YES;
				CLANG_WARN_UNGUARDED_AVAILABILITY = YES_AGGRESSIVE;
				CLANG_WARN_UNREACHABLE_CODE = YES;
				CLANG_WARN__DUPLICATE_METHOD_MATCH = YES;
				COPY_PHASE_STRIP = NO;
				DEBUG_INFORMATION_FORMAT = "dwarf-with-dsym";
				ENABLE_NS_ASSERTIONS = NO;
				ENABLE_STRICT_OBJC_MSGSEND = YES;
				GCC_C_LANGUAGE_STANDARD = gnu11;
				GCC_NO_COMMON_BLOCKS = YES;
				GCC_WARN_64_TO_32_BIT_CONVERSION = YES;
				GCC_WARN_ABOUT_RETURN_TYPE = YES_ERROR;
				GCC_WARN_UNDECLARED_SELECTOR = YES;
				GCC_WARN_UNINITIALIZED_AUTOS = YES_AGGRESSIVE;
				GCC_WARN_UNUSED_FUNCTION = YES;
				GCC_WARN_UNUSED_VARIABLE = YES;
				IPHONEOS_DEPLOYMENT_TARGET = 15.4;
				MTL_ENABLE_DEBUG_INFO = NO;
				MTL_FAST_MATH = YES;
				SDKROOT = iphoneos;
				SWIFT_COMPILATION_MODE = wholemodule;
				SWIFT_OPTIMIZATION_LEVEL = "-O";
				VALIDATE_PRODUCT = YES;
			};
			name = Release;
		};
		236A221D27E2654700FC6691 /* Debug */ = {
			isa = XCBuildConfiguration;
			baseConfigurationReference = 923770F43672678EA2977746 /* Pods-MyKo.debug.xcconfig */;
			buildSettings = {
				ASSETCATALOG_COMPILER_APPICON_NAME = AppIcon;
				ASSETCATALOG_COMPILER_GLOBAL_ACCENT_COLOR_NAME = AccentColor;
				CODE_SIGN_STYLE = Automatic;
				CURRENT_PROJECT_VERSION = 1;
				DEVELOPMENT_TEAM = 2W5HD8D7H8;
				GENERATE_INFOPLIST_FILE = YES;
				INFOPLIST_FILE = MyKo/Info.plist;
				INFOPLIST_KEY_UIApplicationSupportsIndirectInputEvents = YES;
				INFOPLIST_KEY_UILaunchStoryboardName = LaunchScreen;
				INFOPLIST_KEY_UIMainStoryboardFile = Main;
				INFOPLIST_KEY_UISupportedInterfaceOrientations_iPad = "UIInterfaceOrientationPortrait UIInterfaceOrientationPortraitUpsideDown UIInterfaceOrientationLandscapeLeft UIInterfaceOrientationLandscapeRight";
				INFOPLIST_KEY_UISupportedInterfaceOrientations_iPhone = "UIInterfaceOrientationPortrait UIInterfaceOrientationLandscapeLeft UIInterfaceOrientationLandscapeRight";
				IPHONEOS_DEPLOYMENT_TARGET = 14.0;
				LD_RUNPATH_SEARCH_PATHS = (
					"$(inherited)",
					"@executable_path/Frameworks",
				);
				MARKETING_VERSION = 1.0;
				PRODUCT_BUNDLE_IDENTIFIER = com.iMungalov.MyKo;
				PRODUCT_NAME = "$(TARGET_NAME)";
				SWIFT_EMIT_LOC_STRINGS = YES;
				SWIFT_VERSION = 5.0;
				TARGETED_DEVICE_FAMILY = 1;
			};
			name = Debug;
		};
		236A221E27E2654700FC6691 /* Release */ = {
			isa = XCBuildConfiguration;
			baseConfigurationReference = 47737EDEDA0A5A92CA5D3347 /* Pods-MyKo.release.xcconfig */;
			buildSettings = {
				ASSETCATALOG_COMPILER_APPICON_NAME = AppIcon;
				ASSETCATALOG_COMPILER_GLOBAL_ACCENT_COLOR_NAME = AccentColor;
				CODE_SIGN_STYLE = Automatic;
				CURRENT_PROJECT_VERSION = 1;
				DEVELOPMENT_TEAM = 2W5HD8D7H8;
				GENERATE_INFOPLIST_FILE = YES;
				INFOPLIST_FILE = MyKo/Info.plist;
				INFOPLIST_KEY_UIApplicationSupportsIndirectInputEvents = YES;
				INFOPLIST_KEY_UILaunchStoryboardName = LaunchScreen;
				INFOPLIST_KEY_UIMainStoryboardFile = Main;
				INFOPLIST_KEY_UISupportedInterfaceOrientations_iPad = "UIInterfaceOrientationPortrait UIInterfaceOrientationPortraitUpsideDown UIInterfaceOrientationLandscapeLeft UIInterfaceOrientationLandscapeRight";
				INFOPLIST_KEY_UISupportedInterfaceOrientations_iPhone = "UIInterfaceOrientationPortrait UIInterfaceOrientationLandscapeLeft UIInterfaceOrientationLandscapeRight";
				IPHONEOS_DEPLOYMENT_TARGET = 14.0;
				LD_RUNPATH_SEARCH_PATHS = (
					"$(inherited)",
					"@executable_path/Frameworks",
				);
				MARKETING_VERSION = 1.0;
				PRODUCT_BUNDLE_IDENTIFIER = com.iMungalov.MyKo;
				PRODUCT_NAME = "$(TARGET_NAME)";
				SWIFT_EMIT_LOC_STRINGS = YES;
				SWIFT_VERSION = 5.0;
				TARGETED_DEVICE_FAMILY = 1;
			};
			name = Release;
		};
/* End XCBuildConfiguration section */

/* Begin XCConfigurationList section */
		236A220327E2654500FC6691 /* Build configuration list for PBXProject "MyKo" */ = {
			isa = XCConfigurationList;
			buildConfigurations = (
				236A221A27E2654700FC6691 /* Debug */,
				236A221B27E2654700FC6691 /* Release */,
			);
			defaultConfigurationIsVisible = 0;
			defaultConfigurationName = Release;
		};
		236A221C27E2654700FC6691 /* Build configuration list for PBXNativeTarget "MyKo" */ = {
			isa = XCConfigurationList;
			buildConfigurations = (
				236A221D27E2654700FC6691 /* Debug */,
				236A221E27E2654700FC6691 /* Release */,
			);
			defaultConfigurationIsVisible = 0;
			defaultConfigurationName = Release;
		};
/* End XCConfigurationList section */
	};
	rootObject = 236A220027E2654500FC6691 /* Project object */;
}
